// !$*UTF8*$!
{
	archiveVersion = 1;
	classes = {
	};
	objectVersion = 46;
	objects = {

/* Begin PBXBuildFile section */
		A7F2D6BE1AA64EC00077B76C /* main.m in Sources */ = {isa = PBXBuildFile; fileRef = A7F2D6BD1AA64EC00077B76C /* main.m */; };
		A7F2D6C11AA64EC00077B76C /* AppDelegate.m in Sources */ = {isa = PBXBuildFile; fileRef = A7F2D6C01AA64EC00077B76C /* AppDelegate.m */; };
		A7F2D6C41AA64EC00077B76C /* ViewController.m in Sources */ = {isa = PBXBuildFile; fileRef = A7F2D6C31AA64EC00077B76C /* ViewController.m */; };
		A7F2D6C71AA64EC00077B76C /* Main.storyboard in Resources */ = {isa = PBXBuildFile; fileRef = A7F2D6C51AA64EC00077B76C /* Main.storyboard */; };
		A7F2D6C91AA64EC00077B76C /* Images.xcassets in Resources */ = {isa = PBXBuildFile; fileRef = A7F2D6C81AA64EC00077B76C /* Images.xcassets */; };
		A7F2D6CC1AA64EC00077B76C /* LaunchScreen.xib in Resources */ = {isa = PBXBuildFile; fileRef = A7F2D6CA1AA64EC00077B76C /* LaunchScreen.xib */; };
		A7F2D6D81AA64EC00077B76C /* SidTests.m in Sources */ = {isa = PBXBuildFile; fileRef = A7F2D6D71AA64EC00077B76C /* SidTests.m */; };
		A7F2D6E61AA650F90077B76C /* APSSIDInfoProvider.m in Sources */ = {isa = PBXBuildFile; fileRef = A7F2D6E51AA650F90077B76C /* APSSIDInfoProvider.m */; };
		A7F2D6E91AA651340077B76C /* APSSIDModel.m in Sources */ = {isa = PBXBuildFile; fileRef = A7F2D6E81AA651340077B76C /* APSSIDModel.m */; };
		A7F2D6EC1AA65B4E0077B76C /* APSSIDInfoObserver.m in Sources */ = {isa = PBXBuildFile; fileRef = A7F2D6EB1AA65B4E0077B76C /* APSSIDInfoObserver.m */; };
/* End PBXBuildFile section */

/* Begin PBXContainerItemProxy section */
		A7F2D6D21AA64EC00077B76C /* PBXContainerItemProxy */ = {
			isa = PBXContainerItemProxy;
			containerPortal = A7F2D6B01AA64EC00077B76C /* Project object */;
			proxyType = 1;
			remoteGlobalIDString = A7F2D6B71AA64EC00077B76C;
			remoteInfo = Sid;
		};
/* End PBXContainerItemProxy section */

/* Begin PBXFileReference section */
		A7F2D6B81AA64EC00077B76C /* Sid.app */ = {isa = PBXFileReference; explicitFileType = wrapper.application; includeInIndex = 0; path = Sid.app; sourceTree = BUILT_PRODUCTS_DIR; };
		A7F2D6BC1AA64EC00077B76C /* Info.plist */ = {isa = PBXFileReference; lastKnownFileType = text.plist.xml; path = Info.plist; sourceTree = "<group>"; };
		A7F2D6BD1AA64EC00077B76C /* main.m */ = {isa = PBXFileReference; lastKnownFileType = sourcecode.c.objc; path = main.m; sourceTree = "<group>"; };
		A7F2D6BF1AA64EC00077B76C /* AppDelegate.h */ = {isa = PBXFileReference; lastKnownFileType = sourcecode.c.h; path = AppDelegate.h; sourceTree = "<group>"; };
		A7F2D6C01AA64EC00077B76C /* AppDelegate.m */ = {isa = PBXFileReference; lastKnownFileType = sourcecode.c.objc; path = AppDelegate.m; sourceTree = "<group>"; };
		A7F2D6C21AA64EC00077B76C /* ViewController.h */ = {isa = PBXFileReference; lastKnownFileType = sourcecode.c.h; path = ViewController.h; sourceTree = "<group>"; };
		A7F2D6C31AA64EC00077B76C /* ViewController.m */ = {isa = PBXFileReference; lastKnownFileType = sourcecode.c.objc; path = ViewController.m; sourceTree = "<group>"; };
		A7F2D6C61AA64EC00077B76C /* Base */ = {isa = PBXFileReference; lastKnownFileType = file.storyboard; name = Base; path = Base.lproj/Main.storyboard; sourceTree = "<group>"; };
		A7F2D6C81AA64EC00077B76C /* Images.xcassets */ = {isa = PBXFileReference; lastKnownFileType = folder.assetcatalog; path = Images.xcassets; sourceTree = "<group>"; };
		A7F2D6CB1AA64EC00077B76C /* Base */ = {isa = PBXFileReference; lastKnownFileType = file.xib; name = Base; path = Base.lproj/LaunchScreen.xib; sourceTree = "<group>"; };
		A7F2D6D11AA64EC00077B76C /* SidTests.xctest */ = {isa = PBXFileReference; explicitFileType = wrapper.cfbundle; includeInIndex = 0; path = SidTests.xctest; sourceTree = BUILT_PRODUCTS_DIR; };
		A7F2D6D61AA64EC00077B76C /* Info.plist */ = {isa = PBXFileReference; lastKnownFileType = text.plist.xml; path = Info.plist; sourceTree = "<group>"; };
		A7F2D6D71AA64EC00077B76C /* SidTests.m */ = {isa = PBXFileReference; lastKnownFileType = sourcecode.c.objc; path = SidTests.m; sourceTree = "<group>"; };
		A7F2D6E41AA650F90077B76C /* APSSIDInfoProvider.h */ = {isa = PBXFileReference; fileEncoding = 4; lastKnownFileType = sourcecode.c.h; path = APSSIDInfoProvider.h; sourceTree = "<group>"; };
		A7F2D6E51AA650F90077B76C /* APSSIDInfoProvider.m */ = {isa = PBXFileReference; fileEncoding = 4; lastKnownFileType = sourcecode.c.objc; path = APSSIDInfoProvider.m; sourceTree = "<group>"; };
		A7F2D6E71AA651340077B76C /* APSSIDModel.h */ = {isa = PBXFileReference; fileEncoding = 4; lastKnownFileType = sourcecode.c.h; path = APSSIDModel.h; sourceTree = "<group>"; };
		A7F2D6E81AA651340077B76C /* APSSIDModel.m */ = {isa = PBXFileReference; fileEncoding = 4; lastKnownFileType = sourcecode.c.objc; path = APSSIDModel.m; sourceTree = "<group>"; };
		A7F2D6EA1AA65B4E0077B76C /* APSSIDInfoObserver.h */ = {isa = PBXFileReference; fileEncoding = 4; lastKnownFileType = sourcecode.c.h; path = APSSIDInfoObserver.h; sourceTree = "<group>"; };
		A7F2D6EB1AA65B4E0077B76C /* APSSIDInfoObserver.m */ = {isa = PBXFileReference; fileEncoding = 4; lastKnownFileType = sourcecode.c.objc; path = APSSIDInfoObserver.m; sourceTree = "<group>"; };
/* End PBXFileReference section */

/* Begin PBXFrameworksBuildPhase section */
		A7F2D6B51AA64EC00077B76C /* Frameworks */ = {
			isa = PBXFrameworksBuildPhase;
			buildActionMask = 2147483647;
			files = (
			);
			runOnlyForDeploymentPostprocessing = 0;
		};
		A7F2D6CE1AA64EC00077B76C /* Frameworks */ = {
			isa = PBXFrameworksBuildPhase;
			buildActionMask = 2147483647;
			files = (
			);
			runOnlyForDeploymentPostprocessing = 0;
		};
/* End PBXFrameworksBuildPhase section */

/* Begin PBXGroup section */
		A7F2D6AF1AA64EC00077B76C = {
			isa = PBXGroup;
			children = (
				A7F2D6BA1AA64EC00077B76C /* Sid */,
				A7F2D6D41AA64EC00077B76C /* SidTests */,
				A7F2D6B91AA64EC00077B76C /* Products */,
			);
			sourceTree = "<group>";
		};
		A7F2D6B91AA64EC00077B76C /* Products */ = {
			isa = PBXGroup;
			children = (
				A7F2D6B81AA64EC00077B76C /* Sid.app */,
				A7F2D6D11AA64EC00077B76C /* SidTests.xctest */,
			);
			name = Products;
			sourceTree = "<group>";
		};
		A7F2D6BA1AA64EC00077B76C /* Sid */ = {
			isa = PBXGroup;
			children = (
				A7F2D6E31AA650A60077B76C /* SSID */,
				A7F2D6BF1AA64EC00077B76C /* AppDelegate.h */,
				A7F2D6C01AA64EC00077B76C /* AppDelegate.m */,
				A7F2D6C21AA64EC00077B76C /* ViewController.h */,
				A7F2D6C31AA64EC00077B76C /* ViewController.m */,
				A7F2D6C51AA64EC00077B76C /* Main.storyboard */,
				A7F2D6C81AA64EC00077B76C /* Images.xcassets */,
				A7F2D6CA1AA64EC00077B76C /* LaunchScreen.xib */,
				A7F2D6BB1AA64EC00077B76C /* Supporting Files */,
			);
			path = Sid;
			sourceTree = "<group>";
		};
		A7F2D6BB1AA64EC00077B76C /* Supporting Files */ = {
			isa = PBXGroup;
			children = (
				A7F2D6BC1AA64EC00077B76C /* Info.plist */,
				A7F2D6BD1AA64EC00077B76C /* main.m */,
			);
			name = "Supporting Files";
			sourceTree = "<group>";
		};
		A7F2D6D41AA64EC00077B76C /* SidTests */ = {
			isa = PBXGroup;
			children = (
				A7F2D6D71AA64EC00077B76C /* SidTests.m */,
				A7F2D6D51AA64EC00077B76C /* Supporting Files */,
			);
			path = SidTests;
			sourceTree = "<group>";
		};
		A7F2D6D51AA64EC00077B76C /* Supporting Files */ = {
			isa = PBXGroup;
			children = (
				A7F2D6D61AA64EC00077B76C /* Info.plist */,
			);
			name = "Supporting Files";
			sourceTree = "<group>";
		};
		A7F2D6E31AA650A60077B76C /* SSID */ = {
			isa = PBXGroup;
			children = (
				A7F2D6E71AA651340077B76C /* APSSIDModel.h */,
				A7F2D6E81AA651340077B76C /* APSSIDModel.m */,
				A7F2D6E41AA650F90077B76C /* APSSIDInfoProvider.h */,
				A7F2D6E51AA650F90077B76C /* APSSIDInfoProvider.m */,
				A7F2D6EA1AA65B4E0077B76C /* APSSIDInfoObserver.h */,
				A7F2D6EB1AA65B4E0077B76C /* APSSIDInfoObserver.m */,
			);
			path = SSID;
			sourceTree = "<group>";
		};
/* End PBXGroup section */

/* Begin PBXNativeTarget section */
		A7F2D6B71AA64EC00077B76C /* Sid */ = {
			isa = PBXNativeTarget;
			buildConfigurationList = A7F2D6DB1AA64EC00077B76C /* Build configuration list for PBXNativeTarget "Sid" */;
			buildPhases = (
				A7F2D6B41AA64EC00077B76C /* Sources */,
				A7F2D6B51AA64EC00077B76C /* Frameworks */,
				A7F2D6B61AA64EC00077B76C /* Resources */,
			);
			buildRules = (
			);
			dependencies = (
			);
			name = Sid;
			productName = Sid;
			productReference = A7F2D6B81AA64EC00077B76C /* Sid.app */;
			productType = "com.apple.product-type.application";
		};
		A7F2D6D01AA64EC00077B76C /* SidTests */ = {
			isa = PBXNativeTarget;
			buildConfigurationList = A7F2D6DE1AA64EC00077B76C /* Build configuration list for PBXNativeTarget "SidTests" */;
			buildPhases = (
				A7F2D6CD1AA64EC00077B76C /* Sources */,
				A7F2D6CE1AA64EC00077B76C /* Frameworks */,
				A7F2D6CF1AA64EC00077B76C /* Resources */,
			);
			buildRules = (
			);
			dependencies = (
				A7F2D6D31AA64EC00077B76C /* PBXTargetDependency */,
			);
			name = SidTests;
			productName = SidTests;
			productReference = A7F2D6D11AA64EC00077B76C /* SidTests.xctest */;
			productType = "com.apple.product-type.bundle.unit-test";
		};
/* End PBXNativeTarget section */

/* Begin PBXProject section */
		A7F2D6B01AA64EC00077B76C /* Project object */ = {
			isa = PBXProject;
			attributes = {
				LastUpgradeCheck = 0610;
				ORGANIZATIONNAME = "Sergii Kryvoblotskyi";
				TargetAttributes = {
					A7F2D6B71AA64EC00077B76C = {
						CreatedOnToolsVersion = 6.1.1;
					};
					A7F2D6D01AA64EC00077B76C = {
						CreatedOnToolsVersion = 6.1.1;
						TestTargetID = A7F2D6B71AA64EC00077B76C;
					};
				};
			};
			buildConfigurationList = A7F2D6B31AA64EC00077B76C /* Build configuration list for PBXProject "Sid" */;
			compatibilityVersion = "Xcode 3.2";
			developmentRegion = English;
			hasScannedForEncodings = 0;
			knownRegions = (
				en,
				Base,
			);
			mainGroup = A7F2D6AF1AA64EC00077B76C;
			productRefGroup = A7F2D6B91AA64EC00077B76C /* Products */;
			projectDirPath = "";
			projectRoot = "";
			targets = (
				A7F2D6B71AA64EC00077B76C /* Sid */,
				A7F2D6D01AA64EC00077B76C /* SidTests */,
			);
		};
/* End PBXProject section */

/* Begin PBXResourcesBuildPhase section */
		A7F2D6B61AA64EC00077B76C /* Resources */ = {
			isa = PBXResourcesBuildPhase;
			buildActionMask = 2147483647;
			files = (
				A7F2D6C71AA64EC00077B76C /* Main.storyboard in Resources */,
				A7F2D6CC1AA64EC00077B76C /* LaunchScreen.xib in Resources */,
				A7F2D6C91AA64EC00077B76C /* Images.xcassets in Resources */,
			);
			runOnlyForDeploymentPostprocessing = 0;
		};
		A7F2D6CF1AA64EC00077B76C /* Resources */ = {
			isa = PBXResourcesBuildPhase;
			buildActionMask = 2147483647;
			files = (
			);
			runOnlyForDeploymentPostprocessing = 0;
		};
/* End PBXResourcesBuildPhase section */

/* Begin PBXSourcesBuildPhase section */
		A7F2D6B41AA64EC00077B76C /* Sources */ = {
			isa = PBXSourcesBuildPhase;
			buildActionMask = 2147483647;
			files = (
				A7F2D6C41AA64EC00077B76C /* ViewController.m in Sources */,
				A7F2D6C11AA64EC00077B76C /* AppDelegate.m in Sources */,
				A7F2D6E91AA651340077B76C /* APSSIDModel.m in Sources */,
				A7F2D6EC1AA65B4E0077B76C /* APSSIDInfoObserver.m in Sources */,
				A7F2D6E61AA650F90077B76C /* APSSIDInfoProvider.m in Sources */,
				A7F2D6BE1AA64EC00077B76C /* main.m in Sources */,
			);
			runOnlyForDeploymentPostprocessing = 0;
		};
		A7F2D6CD1AA64EC00077B76C /* Sources */ = {
			isa = PBXSourcesBuildPhase;
			buildActionMask = 2147483647;
			files = (
				A7F2D6D81AA64EC00077B76C /* SidTests.m in Sources */,
			);
			runOnlyForDeploymentPostprocessing = 0;
		};
/* End PBXSourcesBuildPhase section */

/* Begin PBXTargetDependency section */
		A7F2D6D31AA64EC00077B76C /* PBXTargetDependency */ = {
			isa = PBXTargetDependency;
			target = A7F2D6B71AA64EC00077B76C /* Sid */;
			targetProxy = A7F2D6D21AA64EC00077B76C /* PBXContainerItemProxy */;
		};
/* End PBXTargetDependency section */

/* Begin PBXVariantGroup section */
		A7F2D6C51AA64EC00077B76C /* Main.storyboard */ = {
			isa = PBXVariantGroup;
			children = (
				A7F2D6C61AA64EC00077B76C /* Base */,
			);
			name = Main.storyboard;
			sourceTree = "<group>";
		};
		A7F2D6CA1AA64EC00077B76C /* LaunchScreen.xib */ = {
			isa = PBXVariantGroup;
			children = (
				A7F2D6CB1AA64EC00077B76C /* Base */,
			);
			name = LaunchScreen.xib;
			sourceTree = "<group>";
		};
/* End PBXVariantGroup section */

/* Begin XCBuildConfiguration section */
		A7F2D6D91AA64EC00077B76C /* Debug */ = {
			isa = XCBuildConfiguration;
			buildSettings = {
				ALWAYS_SEARCH_USER_PATHS = NO;
				CLANG_CXX_LANGUAGE_STANDARD = "gnu++0x";
				CLANG_CXX_LIBRARY = "libc++";
				CLANG_ENABLE_MODULES = YES;
				CLANG_ENABLE_OBJC_ARC = YES;
				CLANG_WARN_BOOL_CONVERSION = YES;
				CLANG_WARN_CONSTANT_CONVERSION = YES;
				CLANG_WARN_DIRECT_OBJC_ISA_USAGE = YES_ERROR;
				CLANG_WARN_EMPTY_BODY = YES;
				CLANG_WARN_ENUM_CONVERSION = YES;
				CLANG_WARN_INT_CONVERSION = YES;
				CLANG_WARN_OBJC_ROOT_CLASS = YES_ERROR;
				CLANG_WARN_UNREACHABLE_CODE = YES;
				CLANG_WARN__DUPLICATE_METHOD_MATCH = YES;
				"CODE_SIGN_IDENTITY[sdk=iphoneos*]" = "iPhone Developer";
				COPY_PHASE_STRIP = NO;
				ENABLE_STRICT_OBJC_MSGSEND = YES;
				GCC_C_LANGUAGE_STANDARD = gnu99;
				GCC_DYNAMIC_NO_PIC = NO;
				GCC_OPTIMIZATION_LEVEL = 0;
				GCC_PREPROCESSOR_DEFINITIONS = (
					"DEBUG=1",
					"$(inherited)",
				);
				GCC_SYMBOLS_PRIVATE_EXTERN = NO;
				GCC_WARN_64_TO_32_BIT_CONVERSION = YES;
				GCC_WARN_ABOUT_RETURN_TYPE = YES_ERROR;
				GCC_WARN_UNDECLARED_SELECTOR = YES;
				GCC_WARN_UNINITIALIZED_AUTOS = YES_AGGRESSIVE;
				GCC_WARN_UNUSED_FUNCTION = YES;
				GCC_WARN_UNUSED_VARIABLE = YES;
				IPHONEOS_DEPLOYMENT_TARGET = 8.1;
				MTL_ENABLE_DEBUG_INFO = YES;
				ONLY_ACTIVE_ARCH = YES;
				SDKROOT = iphoneos;
			};
			name = Debug;
		};
		A7F2D6DA1AA64EC00077B76C /* Release */ = {
			isa = XCBuildConfiguration;
			buildSettings = {
				ALWAYS_SEARCH_USER_PATHS = NO;
				CLANG_CXX_LANGUAGE_STANDARD = "gnu++0x";
				CLANG_CXX_LIBRARY = "libc++";
				CLANG_ENABLE_MODULES = YES;
				CLANG_ENABLE_OBJC_ARC = YES;
				CLANG_WARN_BOOL_CONVERSION = YES;
				CLANG_WARN_CONSTANT_CONVERSION = YES;
				CLANG_WARN_DIRECT_OBJC_ISA_USAGE = YES_ERROR;
				CLANG_WARN_EMPTY_BODY = YES;
				CLANG_WARN_ENUM_CONVERSION = YES;
				CLANG_WARN_INT_CONVERSION = YES;
				CLANG_WARN_OBJC_ROOT_CLASS = YES_ERROR;
				CLANG_WARN_UNREACHABLE_CODE = YES;
				CLANG_WARN__DUPLICATE_METHOD_MATCH = YES;
				"CODE_SIGN_IDENTITY[sdk=iphoneos*]" = "iPhone Developer";
				COPY_PHASE_STRIP = YES;
				ENABLE_NS_ASSERTIONS = NO;
				ENABLE_STRICT_OBJC_MSGSEND = YES;
				GCC_C_LANGUAGE_STANDARD = gnu99;
				GCC_WARN_64_TO_32_BIT_CONVERSION = YES;
				GCC_WARN_ABOUT_RETURN_TYPE = YES_ERROR;
				GCC_WARN_UNDECLARED_SELECTOR = YES;
				GCC_WARN_UNINITIALIZED_AUTOS = YES_AGGRESSIVE;
				GCC_WARN_UNUSED_FUNCTION = YES;
				GCC_WARN_UNUSED_VARIABLE = YES;
				IPHONEOS_DEPLOYMENT_TARGET = 8.1;
				MTL_ENABLE_DEBUG_INFO = NO;
				SDKROOT = iphoneos;
				VALIDATE_PRODUCT = YES;
			};
			name = Release;
		};
		A7F2D6DC1AA64EC00077B76C /* Debug */ = {
			isa = XCBuildConfiguration;
			buildSettings = {
				ASSETCATALOG_COMPILER_APPICON_NAME = AppIcon;
				INFOPLIST_FILE = Sid/Info.plist;
				LD_RUNPATH_SEARCH_PATHS = "$(inherited) @executable_path/Frameworks";
				PRODUCT_NAME = "$(TARGET_NAME)";
			};
			name = Debug;
		};
		A7F2D6DD1AA64EC00077B76C /* Release */ = {
			isa = XCBuildConfiguration;
			buildSettings = {
				ASSETCATALOG_COMPILER_APPICON_NAME = AppIcon;
				INFOPLIST_FILE = Sid/Info.plist;
				LD_RUNPATH_SEARCH_PATHS = "$(inherited) @executable_path/Frameworks";
				PRODUCT_NAME = "$(TARGET_NAME)";
			};
			name = Release;
		};
		A7F2D6DF1AA64EC00077B76C /* Debug */ = {
			isa = XCBuildConfiguration;
			buildSettings = {
				BUNDLE_LOADER = "$(TEST_HOST)";
				FRAMEWORK_SEARCH_PATHS = (
					"$(SDKROOT)/Developer/Library/Frameworks",
					"$(inherited)",
				);
				GCC_PREPROCESSOR_DEFINITIONS = (
					"DEBUG=1",
					"$(inherited)",
				);
				INFOPLIST_FILE = SidTests/Info.plist;
				LD_RUNPATH_SEARCH_PATHS = "$(inherited) @executable_path/Frameworks @loader_path/Frameworks";
				PRODUCT_NAME = "$(TARGET_NAME)";
				TEST_HOST = "$(BUILT_PRODUCTS_DIR)/Sid.app/Sid";
			};
			name = Debug;
		};
		A7F2D6E01AA64EC00077B76C /* Release */ = {
			isa = XCBuildConfiguration;
			buildSettings = {
				BUNDLE_LOADER = "$(TEST_HOST)";
				FRAMEWORK_SEARCH_PATHS = (
					"$(SDKROOT)/Developer/Library/Frameworks",
					"$(inherited)",
				);
				INFOPLIST_FILE = SidTests/Info.plist;
				LD_RUNPATH_SEARCH_PATHS = "$(inherited) @executable_path/Frameworks @loader_path/Frameworks";
				PRODUCT_NAME = "$(TARGET_NAME)";
				TEST_HOST = "$(BUILT_PRODUCTS_DIR)/Sid.app/Sid";
			};
			name = Release;
		};
/* End XCBuildConfiguration section */

/* Begin XCConfigurationList section */
		A7F2D6B31AA64EC00077B76C /* Build configuration list for PBXProject "Sid" */ = {
			isa = XCConfigurationList;
			buildConfigurations = (
				A7F2D6D91AA64EC00077B76C /* Debug */,
				A7F2D6DA1AA64EC00077B76C /* Release */,
			);
			defaultConfigurationIsVisible = 0;
			defaultConfigurationName = Release;
		};
		A7F2D6DB1AA64EC00077B76C /* Build configuration list for PBXNativeTarget "Sid" */ = {
			isa = XCConfigurationList;
			buildConfigurations = (
				A7F2D6DC1AA64EC00077B76C /* Debug */,
				A7F2D6DD1AA64EC00077B76C /* Release */,
			);
			defaultConfigurationIsVisible = 0;
		};
		A7F2D6DE1AA64EC00077B76C /* Build configuration list for PBXNativeTarget "SidTests" */ = {
			isa = XCConfigurationList;
			buildConfigurations = (
				A7F2D6DF1AA64EC00077B76C /* Debug */,
				A7F2D6E01AA64EC00077B76C /* Release */,
			);
			defaultConfigurationIsVisible = 0;
		};
/* End XCConfigurationList section */
	};
	rootObject = A7F2D6B01AA64EC00077B76C /* Project object */;
}
